// !$*UTF8*$!
{
	archiveVersion = 1;
	classes = {
	};
	objectVersion = 55;
	objects = {

/* Begin PBXBuildFile section */
		8075D74D27DFE3EF0027F066 /* AppDelegate.swift in Sources */ = {isa = PBXBuildFile; fileRef = 8075D74C27DFE3EF0027F066 /* AppDelegate.swift */; };
		8075D74F27DFE3EF0027F066 /* SceneDelegate.swift in Sources */ = {isa = PBXBuildFile; fileRef = 8075D74E27DFE3EF0027F066 /* SceneDelegate.swift */; };
		8075D75127DFE3EF0027F066 /* ViewController.swift in Sources */ = {isa = PBXBuildFile; fileRef = 8075D75027DFE3EF0027F066 /* ViewController.swift */; };
		8075D75427DFE3EF0027F066 /* Main.storyboard in Resources */ = {isa = PBXBuildFile; fileRef = 8075D75227DFE3EF0027F066 /* Main.storyboard */; };
		8075D75627DFE3F00027F066 /* Assets.xcassets in Resources */ = {isa = PBXBuildFile; fileRef = 8075D75527DFE3F00027F066 /* Assets.xcassets */; };
		8075D75927DFE3F00027F066 /* LaunchScreen.storyboard in Resources */ = {isa = PBXBuildFile; fileRef = 8075D75727DFE3F00027F066 /* LaunchScreen.storyboard */; };
		8075D76427DFE3F10027F066 /* copenhagen_weatherTests.swift in Sources */ = {isa = PBXBuildFile; fileRef = 8075D76327DFE3F10027F066 /* copenhagen_weatherTests.swift */; };
		8075D76E27DFE3F10027F066 /* copenhagen_weatherUITests.swift in Sources */ = {isa = PBXBuildFile; fileRef = 8075D76D27DFE3F10027F066 /* copenhagen_weatherUITests.swift */; };
		8075D77027DFE3F10027F066 /* copenhagen_weatherUITestsLaunchTests.swift in Sources */ = {isa = PBXBuildFile; fileRef = 8075D76F27DFE3F10027F066 /* copenhagen_weatherUITestsLaunchTests.swift */; };
/* End PBXBuildFile section */

/* Begin PBXContainerItemProxy section */
		8075D76027DFE3F10027F066 /* PBXContainerItemProxy */ = {
			isa = PBXContainerItemProxy;
			containerPortal = 8075D74127DFE3EF0027F066 /* Project object */;
			proxyType = 1;
			remoteGlobalIDString = 8075D74827DFE3EF0027F066;
			remoteInfo = "copenhagen-weather";
		};
		8075D76A27DFE3F10027F066 /* PBXContainerItemProxy */ = {
			isa = PBXContainerItemProxy;
			containerPortal = 8075D74127DFE3EF0027F066 /* Project object */;
			proxyType = 1;
			remoteGlobalIDString = 8075D74827DFE3EF0027F066;
			remoteInfo = "copenhagen-weather";
		};
/* End PBXContainerItemProxy section */

/* Begin PBXFileReference section */
		8075D74927DFE3EF0027F066 /* copenhagen-weather.app */ = {isa = PBXFileReference; explicitFileType = wrapper.application; includeInIndex = 0; path = "copenhagen-weather.app"; sourceTree = BUILT_PRODUCTS_DIR; };
		8075D74C27DFE3EF0027F066 /* AppDelegate.swift */ = {isa = PBXFileReference; lastKnownFileType = sourcecode.swift; path = AppDelegate.swift; sourceTree = "<group>"; };
		8075D74E27DFE3EF0027F066 /* SceneDelegate.swift */ = {isa = PBXFileReference; lastKnownFileType = sourcecode.swift; path = SceneDelegate.swift; sourceTree = "<group>"; };
		8075D75027DFE3EF0027F066 /* ViewController.swift */ = {isa = PBXFileReference; lastKnownFileType = sourcecode.swift; path = ViewController.swift; sourceTree = "<group>"; };
		8075D75327DFE3EF0027F066 /* Base */ = {isa = PBXFileReference; lastKnownFileType = file.storyboard; name = Base; path = Base.lproj/Main.storyboard; sourceTree = "<group>"; };
		8075D75527DFE3F00027F066 /* Assets.xcassets */ = {isa = PBXFileReference; lastKnownFileType = folder.assetcatalog; path = Assets.xcassets; sourceTree = "<group>"; };
		8075D75827DFE3F00027F066 /* Base */ = {isa = PBXFileReference; lastKnownFileType = file.storyboard; name = Base; path = Base.lproj/LaunchScreen.storyboard; sourceTree = "<group>"; };
		8075D75A27DFE3F00027F066 /* Info.plist */ = {isa = PBXFileReference; lastKnownFileType = text.plist.xml; path = Info.plist; sourceTree = "<group>"; };
		8075D75F27DFE3F10027F066 /* copenhagen-weatherTests.xctest */ = {isa = PBXFileReference; explicitFileType = wrapper.cfbundle; includeInIndex = 0; path = "copenhagen-weatherTests.xctest"; sourceTree = BUILT_PRODUCTS_DIR; };
		8075D76327DFE3F10027F066 /* copenhagen_weatherTests.swift */ = {isa = PBXFileReference; lastKnownFileType = sourcecode.swift; path = copenhagen_weatherTests.swift; sourceTree = "<group>"; };
		8075D76927DFE3F10027F066 /* copenhagen-weatherUITests.xctest */ = {isa = PBXFileReference; explicitFileType = wrapper.cfbundle; includeInIndex = 0; path = "copenhagen-weatherUITests.xctest"; sourceTree = BUILT_PRODUCTS_DIR; };
		8075D76D27DFE3F10027F066 /* copenhagen_weatherUITests.swift */ = {isa = PBXFileReference; lastKnownFileType = sourcecode.swift; path = copenhagen_weatherUITests.swift; sourceTree = "<group>"; };
		8075D76F27DFE3F10027F066 /* copenhagen_weatherUITestsLaunchTests.swift */ = {isa = PBXFileReference; lastKnownFileType = sourcecode.swift; path = copenhagen_weatherUITestsLaunchTests.swift; sourceTree = "<group>"; };
/* End PBXFileReference section */

/* Begin PBXFrameworksBuildPhase section */
		8075D74627DFE3EF0027F066 /* Frameworks */ = {
			isa = PBXFrameworksBuildPhase;
			buildActionMask = 2147483647;
			files = (
			);
			runOnlyForDeploymentPostprocessing = 0;
		};
		8075D75C27DFE3F10027F066 /* Frameworks */ = {
			isa = PBXFrameworksBuildPhase;
			buildActionMask = 2147483647;
			files = (
			);
			runOnlyForDeploymentPostprocessing = 0;
		};
		8075D76627DFE3F10027F066 /* Frameworks */ = {
			isa = PBXFrameworksBuildPhase;
			buildActionMask = 2147483647;
			files = (
			);
			runOnlyForDeploymentPostprocessing = 0;
		};
/* End PBXFrameworksBuildPhase section */

/* Begin PBXGroup section */
		8075D74027DFE3EF0027F066 = {
			isa = PBXGroup;
			children = (
				8075D74B27DFE3EF0027F066 /* copenhagen-weather */,
				8075D76227DFE3F10027F066 /* copenhagen-weatherTests */,
				8075D76C27DFE3F10027F066 /* copenhagen-weatherUITests */,
				8075D74A27DFE3EF0027F066 /* Products */,
			);
			sourceTree = "<group>";
		};
		8075D74A27DFE3EF0027F066 /* Products */ = {
			isa = PBXGroup;
			children = (
				8075D74927DFE3EF0027F066 /* copenhagen-weather.app */,
				8075D75F27DFE3F10027F066 /* copenhagen-weatherTests.xctest */,
				8075D76927DFE3F10027F066 /* copenhagen-weatherUITests.xctest */,
			);
			name = Products;
			sourceTree = "<group>";
		};
		8075D74B27DFE3EF0027F066 /* copenhagen-weather */ = {
			isa = PBXGroup;
			children = (
				8075D74C27DFE3EF0027F066 /* AppDelegate.swift */,
				8075D74E27DFE3EF0027F066 /* SceneDelegate.swift */,
				8075D75027DFE3EF0027F066 /* ViewController.swift */,
				8075D75227DFE3EF0027F066 /* Main.storyboard */,
				8075D75527DFE3F00027F066 /* Assets.xcassets */,
				8075D75727DFE3F00027F066 /* LaunchScreen.storyboard */,
				8075D75A27DFE3F00027F066 /* Info.plist */,
			);
			path = "copenhagen-weather";
			sourceTree = "<group>";
		};
		8075D76227DFE3F10027F066 /* copenhagen-weatherTests */ = {
			isa = PBXGroup;
			children = (
				8075D76327DFE3F10027F066 /* copenhagen_weatherTests.swift */,
			);
			path = "copenhagen-weatherTests";
			sourceTree = "<group>";
		};
		8075D76C27DFE3F10027F066 /* copenhagen-weatherUITests */ = {
			isa = PBXGroup;
			children = (
				8075D76D27DFE3F10027F066 /* copenhagen_weatherUITests.swift */,
				8075D76F27DFE3F10027F066 /* copenhagen_weatherUITestsLaunchTests.swift */,
			);
			path = "copenhagen-weatherUITests";
			sourceTree = "<group>";
		};
/* End PBXGroup section */

/* Begin PBXNativeTarget section */
		8075D74827DFE3EF0027F066 /* copenhagen-weather */ = {
			isa = PBXNativeTarget;
			buildConfigurationList = 8075D77327DFE3F10027F066 /* Build configuration list for PBXNativeTarget "copenhagen-weather" */;
			buildPhases = (
				8075D74527DFE3EF0027F066 /* Sources */,
				8075D74627DFE3EF0027F066 /* Frameworks */,
				8075D74727DFE3EF0027F066 /* Resources */,
			);
			buildRules = (
			);
			dependencies = (
			);
			name = "copenhagen-weather";
			productName = "copenhagen-weather";
			productReference = 8075D74927DFE3EF0027F066 /* copenhagen-weather.app */;
			productType = "com.apple.product-type.application";
		};
		8075D75E27DFE3F10027F066 /* copenhagen-weatherTests */ = {
			isa = PBXNativeTarget;
			buildConfigurationList = 8075D77627DFE3F10027F066 /* Build configuration list for PBXNativeTarget "copenhagen-weatherTests" */;
			buildPhases = (
				8075D75B27DFE3F10027F066 /* Sources */,
				8075D75C27DFE3F10027F066 /* Frameworks */,
				8075D75D27DFE3F10027F066 /* Resources */,
			);
			buildRules = (
			);
			dependencies = (
				8075D76127DFE3F10027F066 /* PBXTargetDependency */,
			);
			name = "copenhagen-weatherTests";
			productName = "copenhagen-weatherTests";
			productReference = 8075D75F27DFE3F10027F066 /* copenhagen-weatherTests.xctest */;
			productType = "com.apple.product-type.bundle.unit-test";
		};
		8075D76827DFE3F10027F066 /* copenhagen-weatherUITests */ = {
			isa = PBXNativeTarget;
			buildConfigurationList = 8075D77927DFE3F10027F066 /* Build configuration list for PBXNativeTarget "copenhagen-weatherUITests" */;
			buildPhases = (
				8075D76527DFE3F10027F066 /* Sources */,
				8075D76627DFE3F10027F066 /* Frameworks */,
				8075D76727DFE3F10027F066 /* Resources */,
			);
			buildRules = (
			);
			dependencies = (
				8075D76B27DFE3F10027F066 /* PBXTargetDependency */,
			);
			name = "copenhagen-weatherUITests";
			productName = "copenhagen-weatherUITests";
			productReference = 8075D76927DFE3F10027F066 /* copenhagen-weatherUITests.xctest */;
			productType = "com.apple.product-type.bundle.ui-testing";
		};
/* End PBXNativeTarget section */

/* Begin PBXProject section */
		8075D74127DFE3EF0027F066 /* Project object */ = {
			isa = PBXProject;
			attributes = {
				BuildIndependentTargetsInParallel = 1;
				LastSwiftUpdateCheck = 1320;
				LastUpgradeCheck = 1320;
				TargetAttributes = {
					8075D74827DFE3EF0027F066 = {
						CreatedOnToolsVersion = 13.2.1;
					};
					8075D75E27DFE3F10027F066 = {
						CreatedOnToolsVersion = 13.2.1;
						TestTargetID = 8075D74827DFE3EF0027F066;
					};
					8075D76827DFE3F10027F066 = {
						CreatedOnToolsVersion = 13.2.1;
						TestTargetID = 8075D74827DFE3EF0027F066;
					};
				};
			};
			buildConfigurationList = 8075D74427DFE3EF0027F066 /* Build configuration list for PBXProject "copenhagen-weather" */;
			compatibilityVersion = "Xcode 13.0";
			developmentRegion = en;
			hasScannedForEncodings = 0;
			knownRegions = (
				en,
				Base,
			);
			mainGroup = 8075D74027DFE3EF0027F066;
			productRefGroup = 8075D74A27DFE3EF0027F066 /* Products */;
			projectDirPath = "";
			projectRoot = "";
			targets = (
				8075D74827DFE3EF0027F066 /* copenhagen-weather */,
				8075D75E27DFE3F10027F066 /* copenhagen-weatherTests */,
				8075D76827DFE3F10027F066 /* copenhagen-weatherUITests */,
			);
		};
/* End PBXProject section */

/* Begin PBXResourcesBuildPhase section */
		8075D74727DFE3EF0027F066 /* Resources */ = {
			isa = PBXResourcesBuildPhase;
			buildActionMask = 2147483647;
			files = (
				8075D75927DFE3F00027F066 /* LaunchScreen.storyboard in Resources */,
				8075D75627DFE3F00027F066 /* Assets.xcassets in Resources */,
				8075D75427DFE3EF0027F066 /* Main.storyboard in Resources */,
			);
			runOnlyForDeploymentPostprocessing = 0;
		};
		8075D75D27DFE3F10027F066 /* Resources */ = {
			isa = PBXResourcesBuildPhase;
			buildActionMask = 2147483647;
			files = (
			);
			runOnlyForDeploymentPostprocessing = 0;
		};
		8075D76727DFE3F10027F066 /* Resources */ = {
			isa = PBXResourcesBuildPhase;
			buildActionMask = 2147483647;
			files = (
			);
			runOnlyForDeploymentPostprocessing = 0;
		};
/* End PBXResourcesBuildPhase section */

/* Begin PBXSourcesBuildPhase section */
		8075D74527DFE3EF0027F066 /* Sources */ = {
			isa = PBXSourcesBuildPhase;
			buildActionMask = 2147483647;
			files = (
				8075D75127DFE3EF0027F066 /* ViewController.swift in Sources */,
				8075D74D27DFE3EF0027F066 /* AppDelegate.swift in Sources */,
				8075D74F27DFE3EF0027F066 /* SceneDelegate.swift in Sources */,
			);
			runOnlyForDeploymentPostprocessing = 0;
		};
		8075D75B27DFE3F10027F066 /* Sources */ = {
			isa = PBXSourcesBuildPhase;
			buildActionMask = 2147483647;
			files = (
				8075D76427DFE3F10027F066 /* copenhagen_weatherTests.swift in Sources */,
			);
			runOnlyForDeploymentPostprocessing = 0;
		};
		8075D76527DFE3F10027F066 /* Sources */ = {
			isa = PBXSourcesBuildPhase;
			buildActionMask = 2147483647;
			files = (
				8075D76E27DFE3F10027F066 /* copenhagen_weatherUITests.swift in Sources */,
				8075D77027DFE3F10027F066 /* copenhagen_weatherUITestsLaunchTests.swift in Sources */,
			);
			runOnlyForDeploymentPostprocessing = 0;
		};
/* End PBXSourcesBuildPhase section */

/* Begin PBXTargetDependency section */
		8075D76127DFE3F10027F066 /* PBXTargetDependency */ = {
			isa = PBXTargetDependency;
			target = 8075D74827DFE3EF0027F066 /* copenhagen-weather */;
			targetProxy = 8075D76027DFE3F10027F066 /* PBXContainerItemProxy */;
		};
		8075D76B27DFE3F10027F066 /* PBXTargetDependency */ = {
			isa = PBXTargetDependency;
			target = 8075D74827DFE3EF0027F066 /* copenhagen-weather */;
			targetProxy = 8075D76A27DFE3F10027F066 /* PBXContainerItemProxy */;
		};
/* End PBXTargetDependency section */

/* Begin PBXVariantGroup section */
		8075D75227DFE3EF0027F066 /* Main.storyboard */ = {
			isa = PBXVariantGroup;
			children = (
				8075D75327DFE3EF0027F066 /* Base */,
			);
			name = Main.storyboard;
			sourceTree = "<group>";
		};
		8075D75727DFE3F00027F066 /* LaunchScreen.storyboard */ = {
			isa = PBXVariantGroup;
			children = (
				8075D75827DFE3F00027F066 /* Base */,
			);
			name = LaunchScreen.storyboard;
			sourceTree = "<group>";
		};
/* End PBXVariantGroup section */

/* Begin XCBuildConfiguration section */
		8075D77127DFE3F10027F066 /* Debug */ = {
			isa = XCBuildConfiguration;
			buildSettings = {
				ALWAYS_SEARCH_USER_PATHS = NO;
				CLANG_ANALYZER_NONNULL = YES;
				CLANG_ANALYZER_NUMBER_OBJECT_CONVERSION = YES_AGGRESSIVE;
				CLANG_CXX_LANGUAGE_STANDARD = "gnu++17";
				CLANG_CXX_LIBRARY = "libc++";
				CLANG_ENABLE_MODULES = YES;
				CLANG_ENABLE_OBJC_ARC = YES;
				CLANG_ENABLE_OBJC_WEAK = YES;
				CLANG_WARN_BLOCK_CAPTURE_AUTORELEASING = YES;
				CLANG_WARN_BOOL_CONVERSION = YES;
				CLANG_WARN_COMMA = YES;
				CLANG_WARN_CONSTANT_CONVERSION = YES;
				CLANG_WARN_DEPRECATED_OBJC_IMPLEMENTATIONS = YES;
				CLANG_WARN_DIRECT_OBJC_ISA_USAGE = YES_ERROR;
				CLANG_WARN_DOCUMENTATION_COMMENTS = YES;
				CLANG_WARN_EMPTY_BODY = YES;
				CLANG_WARN_ENUM_CONVERSION = YES;
				CLANG_WARN_INFINITE_RECURSION = YES;
				CLANG_WARN_INT_CONVERSION = YES;
				CLANG_WARN_NON_LITERAL_NULL_CONVERSION = YES;
				CLANG_WARN_OBJC_IMPLICIT_RETAIN_SELF = YES;
				CLANG_WARN_OBJC_LITERAL_CONVERSION = YES;
				CLANG_WARN_OBJC_ROOT_CLASS = YES_ERROR;
				CLANG_WARN_QUOTED_INCLUDE_IN_FRAMEWORK_HEADER = YES;
				CLANG_WARN_RANGE_LOOP_ANALYSIS = YES;
				CLANG_WARN_STRICT_PROTOTYPES = YES;
				CLANG_WARN_SUSPICIOUS_MOVE = YES;
				CLANG_WARN_UNGUARDED_AVAILABILITY = YES_AGGRESSIVE;
				CLANG_WARN_UNREACHABLE_CODE = YES;
				CLANG_WARN__DUPLICATE_METHOD_MATCH = YES;
				COPY_PHASE_STRIP = NO;
				DEBUG_INFORMATION_FORMAT = dwarf;
				ENABLE_STRICT_OBJC_MSGSEND = YES;
				ENABLE_TESTABILITY = YES;
				GCC_C_LANGUAGE_STANDARD = gnu11;
				GCC_DYNAMIC_NO_PIC = NO;
				GCC_NO_COMMON_BLOCKS = YES;
				GCC_OPTIMIZATION_LEVEL = 0;
				GCC_PREPROCESSOR_DEFINITIONS = (
					"DEBUG=1",
					"$(inherited)",
				);
				GCC_WARN_64_TO_32_BIT_CONVERSION = YES;
				GCC_WARN_ABOUT_RETURN_TYPE = YES_ERROR;
				GCC_WARN_UNDECLARED_SELECTOR = YES;
				GCC_WARN_UNINITIALIZED_AUTOS = YES_AGGRESSIVE;
				GCC_WARN_UNUSED_FUNCTION = YES;
				GCC_WARN_UNUSED_VARIABLE = YES;
				IPHONEOS_DEPLOYMENT_TARGET = 15.2;
				MTL_ENABLE_DEBUG_INFO = INCLUDE_SOURCE;
				MTL_FAST_MATH = YES;
				ONLY_ACTIVE_ARCH = YES;
				SDKROOT = iphoneos;
				SWIFT_ACTIVE_COMPILATION_CONDITIONS = DEBUG;
				SWIFT_OPTIMIZATION_LEVEL = "-Onone";
			};
			name = Debug;
		};
		8075D77227DFE3F10027F066 /* Release */ = {
			isa = XCBuildConfiguration;
			buildSettings = {
				ALWAYS_SEARCH_USER_PATHS = NO;
				CLANG_ANALYZER_NONNULL = YES;
				CLANG_ANALYZER_NUMBER_OBJECT_CONVERSION = YES_AGGRESSIVE;
				CLANG_CXX_LANGUAGE_STANDARD = "gnu++17";
				CLANG_CXX_LIBRARY = "libc++";
				CLANG_ENABLE_MODULES = YES;
				CLANG_ENABLE_OBJC_ARC = YES;
				CLANG_ENABLE_OBJC_WEAK = YES;
				CLANG_WARN_BLOCK_CAPTURE_AUTORELEASING = YES;
				CLANG_WARN_BOOL_CONVERSION = YES;
				CLANG_WARN_COMMA = YES;
				CLANG_WARN_CONSTANT_CONVERSION = YES;
				CLANG_WARN_DEPRECATED_OBJC_IMPLEMENTATIONS = YES;
				CLANG_WARN_DIRECT_OBJC_ISA_USAGE = YES_ERROR;
				CLANG_WARN_DOCUMENTATION_COMMENTS = YES;
				CLANG_WARN_EMPTY_BODY = YES;
				CLANG_WARN_ENUM_CONVERSION = YES;
				CLANG_WARN_INFINITE_RECURSION = YES;
				CLANG_WARN_INT_CONVERSION = YES;
				CLANG_WARN_NON_LITERAL_NULL_CONVERSION = YES;
				CLANG_WARN_OBJC_IMPLICIT_RETAIN_SELF = YES;
				CLANG_WARN_OBJC_LITERAL_CONVERSION = YES;
				CLANG_WARN_OBJC_ROOT_CLASS = YES_ERROR;
				CLANG_WARN_QUOTED_INCLUDE_IN_FRAMEWORK_HEADER = YES;
				CLANG_WARN_RANGE_LOOP_ANALYSIS = YES;
				CLANG_WARN_STRICT_PROTOTYPES = YES;
				CLANG_WARN_SUSPICIOUS_MOVE = YES;
				CLANG_WARN_UNGUARDED_AVAILABILITY = YES_AGGRESSIVE;
				CLANG_WARN_UNREACHABLE_CODE = YES;
				CLANG_WARN__DUPLICATE_METHOD_MATCH = YES;
				COPY_PHASE_STRIP = NO;
				DEBUG_INFORMATION_FORMAT = "dwarf-with-dsym";
				ENABLE_NS_ASSERTIONS = NO;
				ENABLE_STRICT_OBJC_MSGSEND = YES;
				GCC_C_LANGUAGE_STANDARD = gnu11;
				GCC_NO_COMMON_BLOCKS = YES;
				GCC_WARN_64_TO_32_BIT_CONVERSION = YES;
				GCC_WARN_ABOUT_RETURN_TYPE = YES_ERROR;
				GCC_WARN_UNDECLARED_SELECTOR = YES;
				GCC_WARN_UNINITIALIZED_AUTOS = YES_AGGRESSIVE;
				GCC_WARN_UNUSED_FUNCTION = YES;
				GCC_WARN_UNUSED_VARIABLE = YES;
				IPHONEOS_DEPLOYMENT_TARGET = 15.2;
				MTL_ENABLE_DEBUG_INFO = NO;
				MTL_FAST_MATH = YES;
				SDKROOT = iphoneos;
				SWIFT_COMPILATION_MODE = wholemodule;
				SWIFT_OPTIMIZATION_LEVEL = "-O";
				VALIDATE_PRODUCT = YES;
			};
			name = Release;
		};
		8075D77427DFE3F10027F066 /* Debug */ = {
			isa = XCBuildConfiguration;
			buildSettings = {
				ASSETCATALOG_COMPILER_APPICON_NAME = AppIcon;
				ASSETCATALOG_COMPILER_GLOBAL_ACCENT_COLOR_NAME = AccentColor;
				CODE_SIGN_STYLE = Automatic;
				CURRENT_PROJECT_VERSION = 1;
				GENERATE_INFOPLIST_FILE = YES;
				INFOPLIST_FILE = "copenhagen-weather/Info.plist";
				INFOPLIST_KEY_UIApplicationSupportsIndirectInputEvents = YES;
				INFOPLIST_KEY_UILaunchStoryboardName = LaunchScreen;
				INFOPLIST_KEY_UIMainStoryboardFile = Main;
				INFOPLIST_KEY_UISupportedInterfaceOrientations_iPad = "UIInterfaceOrientationPortrait UIInterfaceOrientationPortraitUpsideDown UIInterfaceOrientationLandscapeLeft UIInterfaceOrientationLandscapeRight";
				INFOPLIST_KEY_UISupportedInterfaceOrientations_iPhone = "UIInterfaceOrientationPortrait UIInterfaceOrientationLandscapeLeft UIInterfaceOrientationLandscapeRight";
				LD_RUNPATH_SEARCH_PATHS = (
					"$(inherited)",
					"@executable_path/Frameworks",
				);
				MARKETING_VERSION = 1.0;
				PRODUCT_BUNDLE_IDENTIFIER = "com.vba.copenhagen-weather";
				PRODUCT_NAME = "$(TARGET_NAME)";
				SWIFT_EMIT_LOC_STRINGS = YES;
				SWIFT_VERSION = 5.0;
				TARGETED_DEVICE_FAMILY = "1,2";
			};
			name = Debug;
		};
		8075D77527DFE3F10027F066 /* Release */ = {
			isa = XCBuildConfiguration;
			buildSettings = {
				ASSETCATALOG_COMPILER_APPICON_NAME = AppIcon;
				ASSETCATALOG_COMPILER_GLOBAL_ACCENT_COLOR_NAME = AccentColor;
				CODE_SIGN_STYLE = Automatic;
				CURRENT_PROJECT_VERSION = 1;
				GENERATE_INFOPLIST_FILE = YES;
				INFOPLIST_FILE = "copenhagen-weather/Info.plist";
				INFOPLIST_KEY_UIApplicationSupportsIndirectInputEvents = YES;
				INFOPLIST_KEY_UILaunchStoryboardName = LaunchScreen;
				INFOPLIST_KEY_UIMainStoryboardFile = Main;
				INFOPLIST_KEY_UISupportedInterfaceOrientations_iPad = "UIInterfaceOrientationPortrait UIInterfaceOrientationPortraitUpsideDown UIInterfaceOrientationLandscapeLeft UIInterfaceOrientationLandscapeRight";
				INFOPLIST_KEY_UISupportedInterfaceOrientations_iPhone = "UIInterfaceOrientationPortrait UIInterfaceOrientationLandscapeLeft UIInterfaceOrientationLandscapeRight";
				LD_RUNPATH_SEARCH_PATHS = (
					"$(inherited)",
					"@executable_path/Frameworks",
				);
				MARKETING_VERSION = 1.0;
				PRODUCT_BUNDLE_IDENTIFIER = "com.vba.copenhagen-weather";
				PRODUCT_NAME = "$(TARGET_NAME)";
				SWIFT_EMIT_LOC_STRINGS = YES;
				SWIFT_VERSION = 5.0;
				TARGETED_DEVICE_FAMILY = "1,2";
			};
			name = Release;
		};
		8075D77727DFE3F10027F066 /* Debug */ = {
			isa = XCBuildConfiguration;
			buildSettings = {
				ALWAYS_EMBED_SWIFT_STANDARD_LIBRARIES = YES;
				BUNDLE_LOADER = "$(TEST_HOST)";
				CODE_SIGN_STYLE = Automatic;
				CURRENT_PROJECT_VERSION = 1;
				GENERATE_INFOPLIST_FILE = YES;
				IPHONEOS_DEPLOYMENT_TARGET = 15.2;
				MARKETING_VERSION = 1.0;
				PRODUCT_BUNDLE_IDENTIFIER = "com.vba.copenhagen-weatherTests";
				PRODUCT_NAME = "$(TARGET_NAME)";
				SWIFT_EMIT_LOC_STRINGS = NO;
				SWIFT_VERSION = 5.0;
				TARGETED_DEVICE_FAMILY = "1,2";
				TEST_HOST = "$(BUILT_PRODUCTS_DIR)/copenhagen-weather.app/copenhagen-weather";
			};
			name = Debug;
		};
		8075D77827DFE3F10027F066 /* Release */ = {
			isa = XCBuildConfiguration;
			buildSettings = {
				ALWAYS_EMBED_SWIFT_STANDARD_LIBRARIES = YES;
				BUNDLE_LOADER = "$(TEST_HOST)";
				CODE_SIGN_STYLE = Automatic;
				CURRENT_PROJECT_VERSION = 1;
				GENERATE_INFOPLIST_FILE = YES;
				IPHONEOS_DEPLOYMENT_TARGET = 15.2;
				MARKETING_VERSION = 1.0;
				PRODUCT_BUNDLE_IDENTIFIER = "com.vba.copenhagen-weatherTests";
				PRODUCT_NAME = "$(TARGET_NAME)";
				SWIFT_EMIT_LOC_STRINGS = NO;
				SWIFT_VERSION = 5.0;
				TARGETED_DEVICE_FAMILY = "1,2";
				TEST_HOST = "$(BUILT_PRODUCTS_DIR)/copenhagen-weather.app/copenhagen-weather";
			};
			name = Release;
		};
		8075D77A27DFE3F10027F066 /* Debug */ = {
			isa = XCBuildConfiguration;
			buildSettings = {
				ALWAYS_EMBED_SWIFT_STANDARD_LIBRARIES = YES;
				CODE_SIGN_STYLE = Automatic;
				CURRENT_PROJECT_VERSION = 1;
				GENERATE_INFOPLIST_FILE = YES;
				MARKETING_VERSION = 1.0;
				PRODUCT_BUNDLE_IDENTIFIER = "com.vba.copenhagen-weatherUITests";
				PRODUCT_NAME = "$(TARGET_NAME)";
				SWIFT_EMIT_LOC_STRINGS = NO;
				SWIFT_VERSION = 5.0;
				TARGETED_DEVICE_FAMILY = "1,2";
				TEST_TARGET_NAME = "copenhagen-weather";
			};
			name = Debug;
		};
		8075D77B27DFE3F10027F066 /* Release */ = {
			isa = XCBuildConfiguration;
			buildSettings = {
				ALWAYS_EMBED_SWIFT_STANDARD_LIBRARIES = YES;
				CODE_SIGN_STYLE = Automatic;
				CURRENT_PROJECT_VERSION = 1;
				GENERATE_INFOPLIST_FILE = YES;
				MARKETING_VERSION = 1.0;
				PRODUCT_BUNDLE_IDENTIFIER = "com.vba.copenhagen-weatherUITests";
				PRODUCT_NAME = "$(TARGET_NAME)";
				SWIFT_EMIT_LOC_STRINGS = NO;
				SWIFT_VERSION = 5.0;
				TARGETED_DEVICE_FAMILY = "1,2";
				TEST_TARGET_NAME = "copenhagen-weather";
			};
			name = Release;
		};
/* End XCBuildConfiguration section */

/* Begin XCConfigurationList section */
		8075D74427DFE3EF0027F066 /* Build configuration list for PBXProject "copenhagen-weather" */ = {
			isa = XCConfigurationList;
			buildConfigurations = (
				8075D77127DFE3F10027F066 /* Debug */,
				8075D77227DFE3F10027F066 /* Release */,
			);
			defaultConfigurationIsVisible = 0;
			defaultConfigurationName = Release;
		};
		8075D77327DFE3F10027F066 /* Build configuration list for PBXNativeTarget "copenhagen-weather" */ = {
			isa = XCConfigurationList;
			buildConfigurations = (
				8075D77427DFE3F10027F066 /* Debug */,
				8075D77527DFE3F10027F066 /* Release */,
			);
			defaultConfigurationIsVisible = 0;
			defaultConfigurationName = Release;
		};
		8075D77627DFE3F10027F066 /* Build configuration list for PBXNativeTarget "copenhagen-weatherTests" */ = {
			isa = XCConfigurationList;
			buildConfigurations = (
				8075D77727DFE3F10027F066 /* Debug */,
				8075D77827DFE3F10027F066 /* Release */,
			);
			defaultConfigurationIsVisible = 0;
			defaultConfigurationName = Release;
		};
		8075D77927DFE3F10027F066 /* Build configuration list for PBXNativeTarget "copenhagen-weatherUITests" */ = {
			isa = XCConfigurationList;
			buildConfigurations = (
				8075D77A27DFE3F10027F066 /* Debug */,
				8075D77B27DFE3F10027F066 /* Release */,
			);
			defaultConfigurationIsVisible = 0;
			defaultConfigurationName = Release;
		};
/* End XCConfigurationList section */
	};
	rootObject = 8075D74127DFE3EF0027F066 /* Project object */;
}
